
Microsoft Visual Studio Solution File, Format Version 12.00
# Visual Studio Version 17
VisualStudioVersion = 17.3.32708.82
MinimumVisualStudioVersion = 10.0.40219.1
Project("{9A19103F-16F7-4668-BE54-9A1E7A4F7556}") = "az_kv.lib", "lib\az_kv.lib.csproj", "{AA86D010-4307-4DBF-8CBF-5731D1D00B1D}"
EndProject
Project("{9A19103F-16F7-4668-BE54-9A1E7A4F7556}") = "cli", "cli\cli.csproj", "{F3A8949C-8843-4A77-97F2-739BED421DA7}"
EndProject
Global
	GlobalSection(SolutionConfigurationPlatforms) = preSolution
		Debug|Any CPU = Debug|Any CPU
		Release|Any CPU = Release|Any CPU
	EndGlobalSection
	GlobalSection(ProjectConfigurationPlatforms) = postSolution
		{AA86D010-4307-4DBF-8CBF-5731D1D00B1D}.Debug|Any CPU.ActiveCfg = Debug|Any CPU
		{AA86D010-4307-4DBF-8CBF-5731D1D00B1D}.Debug|Any CPU.Build.0 = Debug|Any CPU
		{AA86D010-4307-4DBF-8CBF-5731D1D00B1D}.Release|Any CPU.ActiveCfg = Release|Any CPU
		{AA86D010-4307-4DBF-8CBF-5731D1D00B1D}.Release|Any CPU.Build.0 = Release|Any CPU
		{F3A8949C-8843-4A77-97F2-739BED421DA7}.Debug|Any CPU.ActiveCfg = Debug|Any CPU
		{F3A8949C-8843-4A77-97F2-739BED421DA7}.Debug|Any CPU.Build.0 = Debug|Any CPU
		{F3A8949C-8843-4A77-97F2-739BED421DA7}.Release|Any CPU.ActiveCfg = Release|Any CPU
		{F3A8949C-8843-4A77-97F2-739BED421DA7}.Release|Any CPU.Build.0 = Release|Any CPU
	EndGlobalSection
	GlobalSection(SolutionProperties) = preSolution
		HideSolutionNode = FALSE
	EndGlobalSection
	GlobalSection(ExtensibilityGlobals) = postSolution
		SolutionGuid = {C5D0738C-5ECD-4D27-B703-9CEE87D5BA68}
	EndGlobalSection
EndGlobal
